// !$*UTF8*$!
{
	archiveVersion = 1;
	classes = {
	};
	objectVersion = 56;
	objects = {

/* Begin PBXBuildFile section */
		476124752D9FA03C007FD346 /* AppDelegate.swift in Sources */ = {isa = PBXBuildFile; fileRef = 476124742D9FA03C007FD346 /* AppDelegate.swift */; };
		476124772D9FA03C007FD346 /* SceneDelegate.swift in Sources */ = {isa = PBXBuildFile; fileRef = 476124762D9FA03C007FD346 /* SceneDelegate.swift */; };
		4761247C2D9FA03C007FD346 /* Main.storyboard in Resources */ = {isa = PBXBuildFile; fileRef = 4761247A2D9FA03C007FD346 /* Main.storyboard */; };
		4761247E2D9FA03E007FD346 /* Assets.xcassets in Resources */ = {isa = PBXBuildFile; fileRef = 4761247D2D9FA03E007FD346 /* Assets.xcassets */; };
		476124812D9FA03E007FD346 /* LaunchScreen.storyboard in Resources */ = {isa = PBXBuildFile; fileRef = 4761247F2D9FA03E007FD346 /* LaunchScreen.storyboard */; };
		47D055322D9FBDDC002AF621 /* CoreDataManager.swift in Sources */ = {isa = PBXBuildFile; fileRef = 47D055312D9FBDDC002AF621 /* CoreDataManager.swift */; };
		47D055352D9FBE46002AF621 /* TaskManager.xcdatamodeld in Sources */ = {isa = PBXBuildFile; fileRef = 47D055332D9FBE46002AF621 /* TaskManager.xcdatamodeld */; };
		47D055372D9FC3D6002AF621 /* ProjectListViewController.swift in Sources */ = {isa = PBXBuildFile; fileRef = 47D055362D9FC3D6002AF621 /* ProjectListViewController.swift */; };
		47D055392D9FC3E3002AF621 /* TaskListViewController.swift in Sources */ = {isa = PBXBuildFile; fileRef = 47D055382D9FC3E3002AF621 /* TaskListViewController.swift */; };
		47D0553B2D9FC3FA002AF621 /* NewTaskViewController.swift in Sources */ = {isa = PBXBuildFile; fileRef = 47D0553A2D9FC3FA002AF621 /* NewTaskViewController.swift */; };
		47D0553D2D9FC4E7002AF621 /* NewProjectViewController.swift in Sources */ = {isa = PBXBuildFile; fileRef = 47D0553C2D9FC4E7002AF621 /* NewProjectViewController.swift */; };
		47D055412D9FC613002AF621 /* ProjectTableViewCell.swift in Sources */ = {isa = PBXBuildFile; fileRef = 47D0553F2D9FC613002AF621 /* ProjectTableViewCell.swift */; };
		47D055422D9FC613002AF621 /* ProjectTableViewCell.xib in Resources */ = {isa = PBXBuildFile; fileRef = 47D055402D9FC613002AF621 /* ProjectTableViewCell.xib */; };
		47D055462D9FC7CF002AF621 /* TaskTableViewCell.swift in Sources */ = {isa = PBXBuildFile; fileRef = 47D055442D9FC7CF002AF621 /* TaskTableViewCell.swift */; };
		47D055472D9FC7CF002AF621 /* TaskTableViewCell.xib in Resources */ = {isa = PBXBuildFile; fileRef = 47D055452D9FC7CF002AF621 /* TaskTableViewCell.xib */; };
		47D055492D9FCC16002AF621 /* TaskService.swift in Sources */ = {isa = PBXBuildFile; fileRef = 47D055482D9FCC16002AF621 /* TaskService.swift */; };
		47D0554B2D9FCC6D002AF621 /* ProjectService.swift in Sources */ = {isa = PBXBuildFile; fileRef = 47D0554A2D9FCC6D002AF621 /* ProjectService.swift */; };
		9BB7853E2DA2E55800244F16 /* ProjectModel.swift in Sources */ = {isa = PBXBuildFile; fileRef = 9BB7853D2DA2E54D00244F16 /* ProjectModel.swift */; };
		9BB785402DA2F1E300244F16 /* TaskManager.xcmappingmodel in Sources */ = {isa = PBXBuildFile; fileRef = 9BB7853F2DA2F1E300244F16 /* TaskManager.xcmappingmodel */; };
/* End PBXBuildFile section */

/* Begin PBXFileReference section */
		476124712D9FA03C007FD346 /* ZenTask.app */ = {isa = PBXFileReference; explicitFileType = wrapper.application; includeInIndex = 0; path = ZenTask.app; sourceTree = BUILT_PRODUCTS_DIR; };
		476124742D9FA03C007FD346 /* AppDelegate.swift */ = {isa = PBXFileReference; lastKnownFileType = sourcecode.swift; path = AppDelegate.swift; sourceTree = "<group>"; };
		476124762D9FA03C007FD346 /* SceneDelegate.swift */ = {isa = PBXFileReference; lastKnownFileType = sourcecode.swift; path = SceneDelegate.swift; sourceTree = "<group>"; };
		4761247B2D9FA03C007FD346 /* Base */ = {isa = PBXFileReference; lastKnownFileType = file.storyboard; name = Base; path = Base.lproj/Main.storyboard; sourceTree = "<group>"; };
		4761247D2D9FA03E007FD346 /* Assets.xcassets */ = {isa = PBXFileReference; lastKnownFileType = folder.assetcatalog; path = Assets.xcassets; sourceTree = "<group>"; };
		476124802D9FA03E007FD346 /* Base */ = {isa = PBXFileReference; lastKnownFileType = file.storyboard; name = Base; path = Base.lproj/LaunchScreen.storyboard; sourceTree = "<group>"; };
		476124822D9FA03E007FD346 /* Info.plist */ = {isa = PBXFileReference; lastKnownFileType = text.plist.xml; path = Info.plist; sourceTree = "<group>"; };
		47D055312D9FBDDC002AF621 /* CoreDataManager.swift */ = {isa = PBXFileReference; lastKnownFileType = sourcecode.swift; path = CoreDataManager.swift; sourceTree = "<group>"; };
		47D055342D9FBE46002AF621 /* TaskManager.xcdatamodel */ = {isa = PBXFileReference; lastKnownFileType = wrapper.xcdatamodel; path = TaskManager.xcdatamodel; sourceTree = "<group>"; };
		47D055362D9FC3D6002AF621 /* ProjectListViewController.swift */ = {isa = PBXFileReference; lastKnownFileType = sourcecode.swift; path = ProjectListViewController.swift; sourceTree = "<group>"; };
		47D055382D9FC3E3002AF621 /* TaskListViewController.swift */ = {isa = PBXFileReference; lastKnownFileType = sourcecode.swift; path = TaskListViewController.swift; sourceTree = "<group>"; };
		47D0553A2D9FC3FA002AF621 /* NewTaskViewController.swift */ = {isa = PBXFileReference; lastKnownFileType = sourcecode.swift; path = NewTaskViewController.swift; sourceTree = "<group>"; };
		47D0553C2D9FC4E7002AF621 /* NewProjectViewController.swift */ = {isa = PBXFileReference; lastKnownFileType = sourcecode.swift; path = NewProjectViewController.swift; sourceTree = "<group>"; };
		47D0553F2D9FC613002AF621 /* ProjectTableViewCell.swift */ = {isa = PBXFileReference; lastKnownFileType = sourcecode.swift; path = ProjectTableViewCell.swift; sourceTree = "<group>"; };
		47D055402D9FC613002AF621 /* ProjectTableViewCell.xib */ = {isa = PBXFileReference; lastKnownFileType = file.xib; path = ProjectTableViewCell.xib; sourceTree = "<group>"; };
		47D055442D9FC7CF002AF621 /* TaskTableViewCell.swift */ = {isa = PBXFileReference; lastKnownFileType = sourcecode.swift; path = TaskTableViewCell.swift; sourceTree = "<group>"; };
		47D055452D9FC7CF002AF621 /* TaskTableViewCell.xib */ = {isa = PBXFileReference; lastKnownFileType = file.xib; path = TaskTableViewCell.xib; sourceTree = "<group>"; };
		47D055482D9FCC16002AF621 /* TaskService.swift */ = {isa = PBXFileReference; lastKnownFileType = sourcecode.swift; path = TaskService.swift; sourceTree = "<group>"; };
		47D0554A2D9FCC6D002AF621 /* ProjectService.swift */ = {isa = PBXFileReference; lastKnownFileType = sourcecode.swift; path = ProjectService.swift; sourceTree = "<group>"; };
		9B27ABD72DA2861700ECA75B /* TaskManager_V3.xcdatamodel */ = {isa = PBXFileReference; lastKnownFileType = wrapper.xcdatamodel; path = TaskManager_V3.xcdatamodel; sourceTree = "<group>"; };
		9B8A30032DA0F3A30037CF39 /* TaskManager_V2.xcdatamodel */ = {isa = PBXFileReference; lastKnownFileType = wrapper.xcdatamodel; path = TaskManager_V2.xcdatamodel; sourceTree = "<group>"; };
		9B8A30042DA1194F0037CF39 /* ZenTask.entitlements */ = {isa = PBXFileReference; lastKnownFileType = text.plist.entitlements; path = ZenTask.entitlements; sourceTree = "<group>"; };
		9BB7853D2DA2E54D00244F16 /* ProjectModel.swift */ = {isa = PBXFileReference; lastKnownFileType = sourcecode.swift; path = ProjectModel.swift; sourceTree = "<group>"; };
		9BB7853F2DA2F1E300244F16 /* TaskManager.xcmappingmodel */ = {isa = PBXFileReference; lastKnownFileType = wrapper.xcmappingmodel; path = TaskManager.xcmappingmodel; sourceTree = "<group>"; };
/* End PBXFileReference section */

/* Begin PBXFrameworksBuildPhase section */
		4761246E2D9FA03C007FD346 /* Frameworks */ = {
			isa = PBXFrameworksBuildPhase;
			buildActionMask = 2147483647;
			files = (
			);
			runOnlyForDeploymentPostprocessing = 0;
		};
/* End PBXFrameworksBuildPhase section */

/* Begin PBXGroup section */
		476124682D9FA03C007FD346 = {
			isa = PBXGroup;
			children = (
				476124732D9FA03C007FD346 /* ZenTask */,
				476124722D9FA03C007FD346 /* Products */,
			);
			sourceTree = "<group>";
		};
		476124722D9FA03C007FD346 /* Products */ = {
			isa = PBXGroup;
			children = (
				476124712D9FA03C007FD346 /* ZenTask.app */,
			);
			name = Products;
			sourceTree = "<group>";
		};
		476124732D9FA03C007FD346 /* ZenTask */ = {
			isa = PBXGroup;
			children = (
				9B8A30042DA1194F0037CF39 /* ZenTask.entitlements */,
				476124742D9FA03C007FD346 /* AppDelegate.swift */,
				476124762D9FA03C007FD346 /* SceneDelegate.swift */,
				476124822D9FA03E007FD346 /* Info.plist */,
				47D0552D2D9FB678002AF621 /* Controller */,
				47D0552C2D9FB670002AF621 /* View */,
				47D0552B2D9FB65D002AF621 /* Model */,
				47D0552E2D9FB68B002AF621 /* Resourses */,
				47D0552F2D9FB775002AF621 /* CoreData */,
			);
			path = ZenTask;
			sourceTree = "<group>";
		};
		47D0552B2D9FB65D002AF621 /* Model */ = {
			isa = PBXGroup;
			children = (
				9BB7853D2DA2E54D00244F16 /* ProjectModel.swift */,
			);
			path = Model;
			sourceTree = "<group>";
		};
		47D0552C2D9FB670002AF621 /* View */ = {
			isa = PBXGroup;
			children = (
				47D0553E2D9FC5F8002AF621 /* Project table view cell */,
				47D055432D9FC7BC002AF621 /* TaskTableCell */,
				4761247F2D9FA03E007FD346 /* LaunchScreen.storyboard */,
				4761247A2D9FA03C007FD346 /* Main.storyboard */,
			);
			path = View;
			sourceTree = "<group>";
		};
		47D0552D2D9FB678002AF621 /* Controller */ = {
			isa = PBXGroup;
			children = (
				47D055362D9FC3D6002AF621 /* ProjectListViewController.swift */,
				47D0553C2D9FC4E7002AF621 /* NewProjectViewController.swift */,
				47D055382D9FC3E3002AF621 /* TaskListViewController.swift */,
				47D0553A2D9FC3FA002AF621 /* NewTaskViewController.swift */,
			);
			path = Controller;
			sourceTree = "<group>";
		};
		47D0552E2D9FB68B002AF621 /* Resourses */ = {
			isa = PBXGroup;
			children = (
				4761247D2D9FA03E007FD346 /* Assets.xcassets */,
			);
			path = Resourses;
			sourceTree = "<group>";
		};
		47D0552F2D9FB775002AF621 /* CoreData */ = {
			isa = PBXGroup;
			children = (
				47D055312D9FBDDC002AF621 /* CoreDataManager.swift */,
				47D0554A2D9FCC6D002AF621 /* ProjectService.swift */,
				47D055482D9FCC16002AF621 /* TaskService.swift */,
				9BB7853F2DA2F1E300244F16 /* TaskManager.xcmappingmodel */,
				47D055332D9FBE46002AF621 /* TaskManager.xcdatamodeld */,
			);
			path = CoreData;
			sourceTree = "<group>";
		};
		47D0553E2D9FC5F8002AF621 /* Project table view cell */ = {
			isa = PBXGroup;
			children = (
				47D0553F2D9FC613002AF621 /* ProjectTableViewCell.swift */,
				47D055402D9FC613002AF621 /* ProjectTableViewCell.xib */,
			);
			path = "Project table view cell";
			sourceTree = "<group>";
		};
		47D055432D9FC7BC002AF621 /* TaskTableCell */ = {
			isa = PBXGroup;
			children = (
				47D055442D9FC7CF002AF621 /* TaskTableViewCell.swift */,
				47D055452D9FC7CF002AF621 /* TaskTableViewCell.xib */,
			);
			path = TaskTableCell;
			sourceTree = "<group>";
		};
/* End PBXGroup section */

/* Begin PBXNativeTarget section */
		476124702D9FA03C007FD346 /* ZenTask */ = {
			isa = PBXNativeTarget;
			buildConfigurationList = 476124852D9FA03E007FD346 /* Build configuration list for PBXNativeTarget "ZenTask" */;
			buildPhases = (
				4761246D2D9FA03C007FD346 /* Sources */,
				4761246E2D9FA03C007FD346 /* Frameworks */,
				4761246F2D9FA03C007FD346 /* Resources */,
			);
			buildRules = (
			);
			dependencies = (
			);
			name = ZenTask;
			productName = ZenTask;
			productReference = 476124712D9FA03C007FD346 /* ZenTask.app */;
			productType = "com.apple.product-type.application";
		};
/* End PBXNativeTarget section */

/* Begin PBXProject section */
		476124692D9FA03C007FD346 /* Project object */ = {
			isa = PBXProject;
			attributes = {
				BuildIndependentTargetsInParallel = 1;
				LastSwiftUpdateCheck = 1520;
				LastUpgradeCheck = 1520;
				TargetAttributes = {
					476124702D9FA03C007FD346 = {
						CreatedOnToolsVersion = 15.2;
					};
				};
			};
			buildConfigurationList = 4761246C2D9FA03C007FD346 /* Build configuration list for PBXProject "ZenTask" */;
			compatibilityVersion = "Xcode 14.0";
			developmentRegion = en;
			hasScannedForEncodings = 0;
			knownRegions = (
				en,
				Base,
			);
			mainGroup = 476124682D9FA03C007FD346;
			productRefGroup = 476124722D9FA03C007FD346 /* Products */;
			projectDirPath = "";
			projectRoot = "";
			targets = (
				476124702D9FA03C007FD346 /* ZenTask */,
			);
		};
/* End PBXProject section */

/* Begin PBXResourcesBuildPhase section */
		4761246F2D9FA03C007FD346 /* Resources */ = {
			isa = PBXResourcesBuildPhase;
			buildActionMask = 2147483647;
			files = (
				476124812D9FA03E007FD346 /* LaunchScreen.storyboard in Resources */,
				4761247E2D9FA03E007FD346 /* Assets.xcassets in Resources */,
				4761247C2D9FA03C007FD346 /* Main.storyboard in Resources */,
				47D055422D9FC613002AF621 /* ProjectTableViewCell.xib in Resources */,
				47D055472D9FC7CF002AF621 /* TaskTableViewCell.xib in Resources */,
			);
			runOnlyForDeploymentPostprocessing = 0;
		};
/* End PBXResourcesBuildPhase section */

/* Begin PBXSourcesBuildPhase section */
		4761246D2D9FA03C007FD346 /* Sources */ = {
			isa = PBXSourcesBuildPhase;
			buildActionMask = 2147483647;
			files = (
				47D055392D9FC3E3002AF621 /* TaskListViewController.swift in Sources */,
				47D0553D2D9FC4E7002AF621 /* NewProjectViewController.swift in Sources */,
				47D055462D9FC7CF002AF621 /* TaskTableViewCell.swift in Sources */,
				9BB785402DA2F1E300244F16 /* TaskManager.xcmappingmodel in Sources */,
				47D0553B2D9FC3FA002AF621 /* NewTaskViewController.swift in Sources */,
				476124752D9FA03C007FD346 /* AppDelegate.swift in Sources */,
				47D055412D9FC613002AF621 /* ProjectTableViewCell.swift in Sources */,
				47D055372D9FC3D6002AF621 /* ProjectListViewController.swift in Sources */,
				47D055492D9FCC16002AF621 /* TaskService.swift in Sources */,
				9BB7853E2DA2E55800244F16 /* ProjectModel.swift in Sources */,
				47D055352D9FBE46002AF621 /* TaskManager.xcdatamodeld in Sources */,
				47D055322D9FBDDC002AF621 /* CoreDataManager.swift in Sources */,
				47D0554B2D9FCC6D002AF621 /* ProjectService.swift in Sources */,
				476124772D9FA03C007FD346 /* SceneDelegate.swift in Sources */,
			);
			runOnlyForDeploymentPostprocessing = 0;
		};
/* End PBXSourcesBuildPhase section */

/* Begin PBXVariantGroup section */
		4761247A2D9FA03C007FD346 /* Main.storyboard */ = {
			isa = PBXVariantGroup;
			children = (
				4761247B2D9FA03C007FD346 /* Base */,
			);
			name = Main.storyboard;
			sourceTree = "<group>";
		};
		4761247F2D9FA03E007FD346 /* LaunchScreen.storyboard */ = {
			isa = PBXVariantGroup;
			children = (
				476124802D9FA03E007FD346 /* Base */,
			);
			name = LaunchScreen.storyboard;
			sourceTree = "<group>";
		};
/* End PBXVariantGroup section */

/* Begin XCBuildConfiguration section */
		476124832D9FA03E007FD346 /* Debug */ = {
			isa = XCBuildConfiguration;
			buildSettings = {
				ALWAYS_SEARCH_USER_PATHS = NO;
				ASSETCATALOG_COMPILER_GENERATE_SWIFT_ASSET_SYMBOL_EXTENSIONS = YES;
				CLANG_ANALYZER_NONNULL = YES;
				CLANG_ANALYZER_NUMBER_OBJECT_CONVERSION = YES_AGGRESSIVE;
				CLANG_CXX_LANGUAGE_STANDARD = "gnu++20";
				CLANG_ENABLE_MODULES = YES;
				CLANG_ENABLE_OBJC_ARC = YES;
				CLANG_ENABLE_OBJC_WEAK = YES;
				CLANG_WARN_BLOCK_CAPTURE_AUTORELEASING = YES;
				CLANG_WARN_BOOL_CONVERSION = YES;
				CLANG_WARN_COMMA = YES;
				CLANG_WARN_CONSTANT_CONVERSION = YES;
				CLANG_WARN_DEPRECATED_OBJC_IMPLEMENTATIONS = YES;
				CLANG_WARN_DIRECT_OBJC_ISA_USAGE = YES_ERROR;
				CLANG_WARN_DOCUMENTATION_COMMENTS = YES;
				CLANG_WARN_EMPTY_BODY = YES;
				CLANG_WARN_ENUM_CONVERSION = YES;
				CLANG_WARN_INFINITE_RECURSION = YES;
				CLANG_WARN_INT_CONVERSION = YES;
				CLANG_WARN_NON_LITERAL_NULL_CONVERSION = YES;
				CLANG_WARN_OBJC_IMPLICIT_RETAIN_SELF = YES;
				CLANG_WARN_OBJC_LITERAL_CONVERSION = YES;
				CLANG_WARN_OBJC_ROOT_CLASS = YES_ERROR;
				CLANG_WARN_QUOTED_INCLUDE_IN_FRAMEWORK_HEADER = YES;
				CLANG_WARN_RANGE_LOOP_ANALYSIS = YES;
				CLANG_WARN_STRICT_PROTOTYPES = YES;
				CLANG_WARN_SUSPICIOUS_MOVE = YES;
				CLANG_WARN_UNGUARDED_AVAILABILITY = YES_AGGRESSIVE;
				CLANG_WARN_UNREACHABLE_CODE = YES;
				CLANG_WARN__DUPLICATE_METHOD_MATCH = YES;
				COPY_PHASE_STRIP = NO;
				DEBUG_INFORMATION_FORMAT = dwarf;
				ENABLE_STRICT_OBJC_MSGSEND = YES;
				ENABLE_TESTABILITY = YES;
				ENABLE_USER_SCRIPT_SANDBOXING = YES;
				GCC_C_LANGUAGE_STANDARD = gnu17;
				GCC_DYNAMIC_NO_PIC = NO;
				GCC_NO_COMMON_BLOCKS = YES;
				GCC_OPTIMIZATION_LEVEL = 0;
				GCC_PREPROCESSOR_DEFINITIONS = (
					"DEBUG=1",
					"$(inherited)",
				);
				GCC_WARN_64_TO_32_BIT_CONVERSION = YES;
				GCC_WARN_ABOUT_RETURN_TYPE = YES_ERROR;
				GCC_WARN_UNDECLARED_SELECTOR = YES;
				GCC_WARN_UNINITIALIZED_AUTOS = YES_AGGRESSIVE;
				GCC_WARN_UNUSED_FUNCTION = YES;
				GCC_WARN_UNUSED_VARIABLE = YES;
				IPHONEOS_DEPLOYMENT_TARGET = 17.2;
				LOCALIZATION_PREFERS_STRING_CATALOGS = YES;
				MTL_ENABLE_DEBUG_INFO = INCLUDE_SOURCE;
				MTL_FAST_MATH = YES;
				ONLY_ACTIVE_ARCH = YES;
				SDKROOT = iphoneos;
				SWIFT_ACTIVE_COMPILATION_CONDITIONS = "DEBUG $(inherited)";
				SWIFT_OPTIMIZATION_LEVEL = "-Onone";
			};
			name = Debug;
		};
		476124842D9FA03E007FD346 /* Release */ = {
			isa = XCBuildConfiguration;
			buildSettings = {
				ALWAYS_SEARCH_USER_PATHS = NO;
				ASSETCATALOG_COMPILER_GENERATE_SWIFT_ASSET_SYMBOL_EXTENSIONS = YES;
				CLANG_ANALYZER_NONNULL = YES;
				CLANG_ANALYZER_NUMBER_OBJECT_CONVERSION = YES_AGGRESSIVE;
				CLANG_CXX_LANGUAGE_STANDARD = "gnu++20";
				CLANG_ENABLE_MODULES = YES;
				CLANG_ENABLE_OBJC_ARC = YES;
				CLANG_ENABLE_OBJC_WEAK = YES;
				CLANG_WARN_BLOCK_CAPTURE_AUTORELEASING = YES;
				CLANG_WARN_BOOL_CONVERSION = YES;
				CLANG_WARN_COMMA = YES;
				CLANG_WARN_CONSTANT_CONVERSION = YES;
				CLANG_WARN_DEPRECATED_OBJC_IMPLEMENTATIONS = YES;
				CLANG_WARN_DIRECT_OBJC_ISA_USAGE = YES_ERROR;
				CLANG_WARN_DOCUMENTATION_COMMENTS = YES;
				CLANG_WARN_EMPTY_BODY = YES;
				CLANG_WARN_ENUM_CONVERSION = YES;
				CLANG_WARN_INFINITE_RECURSION = YES;
				CLANG_WARN_INT_CONVERSION = YES;
				CLANG_WARN_NON_LITERAL_NULL_CONVERSION = YES;
				CLANG_WARN_OBJC_IMPLICIT_RETAIN_SELF = YES;
				CLANG_WARN_OBJC_LITERAL_CONVERSION = YES;
				CLANG_WARN_OBJC_ROOT_CLASS = YES_ERROR;
				CLANG_WARN_QUOTED_INCLUDE_IN_FRAMEWORK_HEADER = YES;
				CLANG_WARN_RANGE_LOOP_ANALYSIS = YES;
				CLANG_WARN_STRICT_PROTOTYPES = YES;
				CLANG_WARN_SUSPICIOUS_MOVE = YES;
				CLANG_WARN_UNGUARDED_AVAILABILITY = YES_AGGRESSIVE;
				CLANG_WARN_UNREACHABLE_CODE = YES;
				CLANG_WARN__DUPLICATE_METHOD_MATCH = YES;
				COPY_PHASE_STRIP = NO;
				DEBUG_INFORMATION_FORMAT = "dwarf-with-dsym";
				ENABLE_NS_ASSERTIONS = NO;
				ENABLE_STRICT_OBJC_MSGSEND = YES;
				ENABLE_USER_SCRIPT_SANDBOXING = YES;
				GCC_C_LANGUAGE_STANDARD = gnu17;
				GCC_NO_COMMON_BLOCKS = YES;
				GCC_WARN_64_TO_32_BIT_CONVERSION = YES;
				GCC_WARN_ABOUT_RETURN_TYPE = YES_ERROR;
				GCC_WARN_UNDECLARED_SELECTOR = YES;
				GCC_WARN_UNINITIALIZED_AUTOS = YES_AGGRESSIVE;
				GCC_WARN_UNUSED_FUNCTION = YES;
				GCC_WARN_UNUSED_VARIABLE = YES;
				IPHONEOS_DEPLOYMENT_TARGET = 17.2;
				LOCALIZATION_PREFERS_STRING_CATALOGS = YES;
				MTL_ENABLE_DEBUG_INFO = NO;
				MTL_FAST_MATH = YES;
				SDKROOT = iphoneos;
				SWIFT_COMPILATION_MODE = wholemodule;
				VALIDATE_PRODUCT = YES;
			};
			name = Release;
		};
		476124862D9FA03E007FD346 /* Debug */ = {
			isa = XCBuildConfiguration;
			buildSettings = {
				ASSETCATALOG_COMPILER_APPICON_NAME = AppIcon;
				ASSETCATALOG_COMPILER_GLOBAL_ACCENT_COLOR_NAME = AccentColor;
				CODE_SIGN_ENTITLEMENTS = ZenTask/ZenTask.entitlements;
				CODE_SIGN_STYLE = Automatic;
				CURRENT_PROJECT_VERSION = 1;
				DEVELOPMENT_TEAM = 2TT66RSMYN;
				GENERATE_INFOPLIST_FILE = YES;
				INFOPLIST_FILE = ZenTask/Info.plist;
				INFOPLIST_KEY_UIApplicationSupportsIndirectInputEvents = YES;
				INFOPLIST_KEY_UILaunchStoryboardName = LaunchScreen;
				INFOPLIST_KEY_UIMainStoryboardFile = Main;
				INFOPLIST_KEY_UISupportedInterfaceOrientations_iPad = "UIInterfaceOrientationPortrait UIInterfaceOrientationPortraitUpsideDown UIInterfaceOrientationLandscapeLeft UIInterfaceOrientationLandscapeRight";
				INFOPLIST_KEY_UISupportedInterfaceOrientations_iPhone = "UIInterfaceOrientationPortrait UIInterfaceOrientationLandscapeLeft UIInterfaceOrientationLandscapeRight";
				IPHONEOS_DEPLOYMENT_TARGET = 15.6;
				LD_RUNPATH_SEARCH_PATHS = (
					"$(inherited)",
					"@executable_path/Frameworks",
				);
				MARKETING_VERSION = 1.0;
				PRODUCT_BUNDLE_IDENTIFIER = com.ZenTask.mrk;
				PRODUCT_NAME = "$(TARGET_NAME)";
				SWIFT_EMIT_LOC_STRINGS = YES;
				SWIFT_VERSION = 5.0;
				TARGETED_DEVICE_FAMILY = "1,2";
			};
			name = Debug;
		};
		476124872D9FA03E007FD346 /* Release */ = {
			isa = XCBuildConfiguration;
			buildSettings = {
				ASSETCATALOG_COMPILER_APPICON_NAME = AppIcon;
				ASSETCATALOG_COMPILER_GLOBAL_ACCENT_COLOR_NAME = AccentColor;
				CODE_SIGN_ENTITLEMENTS = ZenTask/ZenTask.entitlements;
				CODE_SIGN_STYLE = Automatic;
				CURRENT_PROJECT_VERSION = 1;
				DEVELOPMENT_TEAM = 2TT66RSMYN;
				GENERATE_INFOPLIST_FILE = YES;
				INFOPLIST_FILE = ZenTask/Info.plist;
				INFOPLIST_KEY_UIApplicationSupportsIndirectInputEvents = YES;
				INFOPLIST_KEY_UILaunchStoryboardName = LaunchScreen;
				INFOPLIST_KEY_UIMainStoryboardFile = Main;
				INFOPLIST_KEY_UISupportedInterfaceOrientations_iPad = "UIInterfaceOrientationPortrait UIInterfaceOrientationPortraitUpsideDown UIInterfaceOrientationLandscapeLeft UIInterfaceOrientationLandscapeRight";
				INFOPLIST_KEY_UISupportedInterfaceOrientations_iPhone = "UIInterfaceOrientationPortrait UIInterfaceOrientationLandscapeLeft UIInterfaceOrientationLandscapeRight";
				IPHONEOS_DEPLOYMENT_TARGET = 15.6;
				LD_RUNPATH_SEARCH_PATHS = (
					"$(inherited)",
					"@executable_path/Frameworks",
				);
				MARKETING_VERSION = 1.0;
				PRODUCT_BUNDLE_IDENTIFIER = com.ZenTask.mrk;
				PRODUCT_NAME = "$(TARGET_NAME)";
				SWIFT_EMIT_LOC_STRINGS = YES;
				SWIFT_VERSION = 5.0;
				TARGETED_DEVICE_FAMILY = "1,2";
			};
			name = Release;
		};
/* End XCBuildConfiguration section */

/* Begin XCConfigurationList section */
		4761246C2D9FA03C007FD346 /* Build configuration list for PBXProject "ZenTask" */ = {
			isa = XCConfigurationList;
			buildConfigurations = (
				476124832D9FA03E007FD346 /* Debug */,
				476124842D9FA03E007FD346 /* Release */,
			);
			defaultConfigurationIsVisible = 0;
			defaultConfigurationName = Release;
		};
		476124852D9FA03E007FD346 /* Build configuration list for PBXNativeTarget "ZenTask" */ = {
			isa = XCConfigurationList;
			buildConfigurations = (
				476124862D9FA03E007FD346 /* Debug */,
				476124872D9FA03E007FD346 /* Release */,
			);
			defaultConfigurationIsVisible = 0;
			defaultConfigurationName = Release;
		};
/* End XCConfigurationList section */

/* Begin XCVersionGroup section */
		47D055332D9FBE46002AF621 /* TaskManager.xcdatamodeld */ = {
			isa = XCVersionGroup;
			children = (
				9B27ABD72DA2861700ECA75B /* TaskManager_V3.xcdatamodel */,
				9B8A30032DA0F3A30037CF39 /* TaskManager_V2.xcdatamodel */,
				47D055342D9FBE46002AF621 /* TaskManager.xcdatamodel */,
			);
			currentVersion = 9B27ABD72DA2861700ECA75B /* TaskManager_V3.xcdatamodel */;
			path = TaskManager.xcdatamodeld;
			sourceTree = "<group>";
			versionGroupType = wrapper.xcdatamodel;
		};
/* End XCVersionGroup section */
	};
	rootObject = 476124692D9FA03C007FD346 /* Project object */;
}
